
Microsoft Visual Studio Solution File, Format Version 12.00
# Visual Studio Version 17
VisualStudioVersion = 17.7.34031.279
MinimumVisualStudioVersion = 10.0.40219.1
Project("{FAE04EC0-301F-11D3-BF4B-00C04F79EFBC}") = "C969", "C969\C969.csproj", "{4D5F6630-4D2C-4C10-8DF6-EB364AB2A0AB}"
EndProject
Global
	GlobalSection(SolutionConfigurationPlatforms) = preSolution
		Debug|Any CPU = Debug|Any CPU
		Release|Any CPU = Release|Any CPU
	EndGlobalSection
	GlobalSection(ProjectConfigurationPlatforms) = postSolution
		{4D5F6630-4D2C-4C10-8DF6-EB364AB2A0AB}.Debug|Any CPU.ActiveCfg = Debug|Any CPU
		{4D5F6630-4D2C-4C10-8DF6-EB364AB2A0AB}.Debug|Any CPU.Build.0 = Debug|Any CPU
		{4D5F6630-4D2C-4C10-8DF6-EB364AB2A0AB}.Release|Any CPU.ActiveCfg = Release|Any CPU
		{4D5F6630-4D2C-4C10-8DF6-EB364AB2A0AB}.Release|Any CPU.Build.0 = Release|Any CPU
	EndGlobalSection
	GlobalSection(SolutionProperties) = preSolution
		HideSolutionNode = FALSE
	EndGlobalSection
	GlobalSection(ExtensibilityGlobals) = postSolution
		SolutionGuid = {ECAB19D7-ED38-4E4A-B037-81357F72C866}
	EndGlobalSection
EndGlobal
